{
  "nodes": {
    "alacritty-themes": {
      "flake": false,
      "locked": {
        "lastModified": 1738990072,
        "narHash": "sha256-qGawtNvdR/muNJ736uBshJhz+d5NBeVzl6ALBGmB2H8=",
        "owner": "Johnsoct",
        "repo": "alacritty",
        "rev": "7dc52f961b5050af26237d36ea5d00221118c601",
        "type": "github"
      },
      "original": {
        "owner": "Johnsoct",
        "repo": "alacritty",
        "type": "github"
      }
    },
    "firefox-addons": {
      "inputs": {
        "nixpkgs": [
          "nixpkgs"
        ]
      },
      "locked": {
        "dir": "pkgs/firefox-addons",
        "lastModified": 1756699417,
        "narHash": "sha256-rpRy5ae5ijEGaK+Cr66NqCQJ6ZeUE5Zi8gUWgKhesto=",
        "owner": "rycee",
        "repo": "nur-expressions",
        "rev": "007b803d1eff595d25e7886e83054dbd038bf029",
        "type": "gitlab"
      },
      "original": {
        "dir": "pkgs/firefox-addons",
        "owner": "rycee",
        "repo": "nur-expressions",
        "type": "gitlab"
      }
    },
    "home-manager": {
      "inputs": {
        "nixpkgs": [
          "nixpkgs"
        ]
      },
      "locked": {
        "lastModified": 1756683562,
        "narHash": "sha256-3fcIqwm1u+rF3kkgUYYEIcLrs93+Pi+a6AwiEAxdP5g=",
        "owner": "nix-community",
        "repo": "home-manager",
        "rev": "fccb44df77266a3891939f35197f538dace3442f",
        "type": "github"
      },
      "original": {
        "owner": "nix-community",
        "repo": "home-manager",
        "type": "github"
      }
    },
    "nix-darwin": {
      "inputs": {
        "nixpkgs": [
          "nixpkgs"
        ]
      },
      "locked": {
        "lastModified": 1755825449,
        "narHash": "sha256-XkiN4NM9Xdy59h69Pc+Vg4PxkSm9EWl6u7k6D5FZ5cM=",
        "owner": "LnL7",
        "repo": "nix-darwin",
        "rev": "8df64f819698c1fee0c2969696f54a843b2231e8",
        "type": "github"
      },
      "original": {
        "owner": "LnL7",
        "repo": "nix-darwin",
        "type": "github"
      }
    },
    "nixpkgs": {
      "locked": {
        "lastModified": 1756636162,
        "narHash": "sha256-mBecwgUTWRgClJYqcF+y4O1bY8PQHqeDpB+zsAn+/zA=",
        "owner": "nixos",
        "repo": "nixpkgs",
        "rev": "37ff64b7108517f8b6ba5705ee5085eac636a249",
        "type": "github"
      },
      "original": {
        "owner": "nixos",
        "ref": "nixpkgs-unstable",
        "repo": "nixpkgs",
        "type": "github"
      }
    },
    "root": {
      "inputs": {
        "alacritty-themes": "alacritty-themes",
        "firefox-addons": "firefox-addons",
        "home-manager": "home-manager",
        "nix-darwin": "nix-darwin",
        "nixpkgs": "nixpkgs"
      }
    }
  },
  "root": "root",
  "version": 7
}
