{
  "nodes": {
    "alacritty-themes": {
      "flake": false,
      "locked": {
        "lastModified": 1738990072,
        "narHash": "sha256-qGawtNvdR/muNJ736uBshJhz+d5NBeVzl6ALBGmB2H8=",
        "owner": "Johnsoct",
        "repo": "alacritty",
        "rev": "7dc52f961b5050af26237d36ea5d00221118c601",
        "type": "github"
      },
      "original": {
        "owner": "Johnsoct",
        "repo": "alacritty",
        "type": "github"
      }
    },
    "firefox-addons": {
      "inputs": {
        "nixpkgs": [
          "nixpkgs"
        ]
      },
      "locked": {
        "dir": "pkgs/firefox-addons",
        "lastModified": 1749441800,
        "narHash": "sha256-bN4tccrmczfR4PUuepHpxNNmWG3cLZTFIt4BaD8YyvA=",
        "owner": "rycee",
        "repo": "nur-expressions",
        "rev": "fe13e6abfe72b39ad8381595c3c404849330c3cb",
        "type": "gitlab"
      },
      "original": {
        "dir": "pkgs/firefox-addons",
        "owner": "rycee",
        "repo": "nur-expressions",
        "type": "gitlab"
      }
    },
    "home-manager": {
      "inputs": {
        "nixpkgs": [
          "nixpkgs"
        ]
      },
      "locked": {
        "lastModified": 1749400020,
        "narHash": "sha256-0nTmHO8AYgRYk5v6zw5oZ3x9nh+feb+Isn7WNe318M0=",
        "owner": "nix-community",
        "repo": "home-manager",
        "rev": "2835e8ba0ad99ba86d4a5e497a962ec9fa35e48f",
        "type": "github"
      },
      "original": {
        "owner": "nix-community",
        "repo": "home-manager",
        "type": "github"
      }
    },
    "nix-darwin": {
      "inputs": {
        "nixpkgs": [
          "nixpkgs"
        ]
      },
      "locked": {
        "lastModified": 1749194393,
        "narHash": "sha256-vt6hM9DNywnXXuW1qPDLzECmbDcmxhh58wpb0EEQjAo=",
        "owner": "LnL7",
        "repo": "nix-darwin",
        "rev": "19346808c445f23b08652971be198b9df6c33edc",
        "type": "github"
      },
      "original": {
        "owner": "LnL7",
        "repo": "nix-darwin",
        "type": "github"
      }
    },
    "nixpkgs": {
      "locked": {
        "lastModified": 1749401433,
        "narHash": "sha256-HXIQzULIG/MEUW2Q/Ss47oE3QrjxvpUX7gUl4Xp6lnc=",
        "owner": "nixos",
        "repo": "nixpkgs",
        "rev": "08fcb0dcb59df0344652b38ea6326a2d8271baff",
        "type": "github"
      },
      "original": {
        "owner": "nixos",
        "ref": "nixpkgs-unstable",
        "repo": "nixpkgs",
        "type": "github"
      }
    },
    "root": {
      "inputs": {
        "alacritty-themes": "alacritty-themes",
        "firefox-addons": "firefox-addons",
        "home-manager": "home-manager",
        "nix-darwin": "nix-darwin",
        "nixpkgs": "nixpkgs"
      }
    }
  },
  "root": "root",
  "version": 7
}
